
Microsoft Visual Studio Solution File, Format Version 11.00
# Visual Studio 2010
Project("{FAE04EC0-301F-11D3-BF4B-00C04F79EFBC}") = "Kinectophone", "Kinectophone\Kinectophone.csproj", "{FB493839-EBB9-4004-BF16-DCB0F0CB24CD}"
EndProject
Global
	GlobalSection(SolutionConfigurationPlatforms) = preSolution
		Debug|x86 = Debug|x86
		Release|x86 = Release|x86
	EndGlobalSection
	GlobalSection(ProjectConfigurationPlatforms) = postSolution
		{FB493839-EBB9-4004-BF16-DCB0F0CB24CD}.Debug|x86.ActiveCfg = Debug|x86
		{FB493839-EBB9-4004-BF16-DCB0F0CB24CD}.Debug|x86.Build.0 = Debug|x86
		{FB493839-EBB9-4004-BF16-DCB0F0CB24CD}.Release|x86.ActiveCfg = Release|x86
		{FB493839-EBB9-4004-BF16-DCB0F0CB24CD}.Release|x86.Build.0 = Release|x86
	EndGlobalSection
	GlobalSection(SolutionProperties) = preSolution
		HideSolutionNode = FALSE
	EndGlobalSection
EndGlobal
